
Microsoft Visual Studio Solution File, Format Version 12.00
# Visual Studio Version 16
VisualStudioVersion = 16.0.29613.14
MinimumVisualStudioVersion = 10.0.40219.1
Project("{FAE04EC0-301F-11D3-BF4B-00C04F79EFBC}") = "Meme-Platform", "Meme-Platform\Meme-Platform.csproj", "{9BE9B85A-F3F5-456E-ACB5-91C3949358C3}"
EndProject
Project("{FAE04EC0-301F-11D3-BF4B-00C04F79EFBC}") = "Meme-Platform.DAL", "Meme-Platform.DAL\Meme-Platform.DAL.csproj", "{BB90A969-92B1-4185-AA18-D1AB7C145C15}"
EndProject
Project("{FAE04EC0-301F-11D3-BF4B-00C04F79EFBC}") = "Meme-Platform.Core", "Meme-Platform.Core\Meme-Platform.Core.csproj", "{8A41B0BD-87BC-45D6-BD8D-347FE8F1C0DB}"
EndProject
Global
	GlobalSection(SolutionConfigurationPlatforms) = preSolution
		Debug|Any CPU = Debug|Any CPU
		Release|Any CPU = Release|Any CPU
	EndGlobalSection
	GlobalSection(ProjectConfigurationPlatforms) = postSolution
		{9BE9B85A-F3F5-456E-ACB5-91C3949358C3}.Debug|Any CPU.ActiveCfg = Debug|Any CPU
		{9BE9B85A-F3F5-456E-ACB5-91C3949358C3}.Debug|Any CPU.Build.0 = Debug|Any CPU
		{9BE9B85A-F3F5-456E-ACB5-91C3949358C3}.Release|Any CPU.ActiveCfg = Release|Any CPU
		{9BE9B85A-F3F5-456E-ACB5-91C3949358C3}.Release|Any CPU.Build.0 = Release|Any CPU
		{BB90A969-92B1-4185-AA18-D1AB7C145C15}.Debug|Any CPU.ActiveCfg = Debug|Any CPU
		{BB90A969-92B1-4185-AA18-D1AB7C145C15}.Debug|Any CPU.Build.0 = Debug|Any CPU
		{BB90A969-92B1-4185-AA18-D1AB7C145C15}.Release|Any CPU.ActiveCfg = Release|Any CPU
		{BB90A969-92B1-4185-AA18-D1AB7C145C15}.Release|Any CPU.Build.0 = Release|Any CPU
		{8A41B0BD-87BC-45D6-BD8D-347FE8F1C0DB}.Debug|Any CPU.ActiveCfg = Debug|Any CPU
		{8A41B0BD-87BC-45D6-BD8D-347FE8F1C0DB}.Debug|Any CPU.Build.0 = Debug|Any CPU
		{8A41B0BD-87BC-45D6-BD8D-347FE8F1C0DB}.Release|Any CPU.ActiveCfg = Release|Any CPU
		{8A41B0BD-87BC-45D6-BD8D-347FE8F1C0DB}.Release|Any CPU.Build.0 = Release|Any CPU
	EndGlobalSection
	GlobalSection(SolutionProperties) = preSolution
		HideSolutionNode = FALSE
	EndGlobalSection
	GlobalSection(ExtensibilityGlobals) = postSolution
		SolutionGuid = {65B32833-DA60-4499-8942-C40BE86BECAC}
	EndGlobalSection
EndGlobal
